// !$*UTF8*$!
{
	archiveVersion = 1;
	classes = {
	};
	objectVersion = 50;
	objects = {

/* Begin PBXBuildFile section */
		0AFBFB9A26AF478D0023A4DF /* AppDelegate.swift in Sources */ = {isa = PBXBuildFile; fileRef = 0AFBFB9926AF478D0023A4DF /* AppDelegate.swift */; };
		0AFBFB9C26AF478D0023A4DF /* SceneDelegate.swift in Sources */ = {isa = PBXBuildFile; fileRef = 0AFBFB9B26AF478D0023A4DF /* SceneDelegate.swift */; };
		0AFBFBA426AF478D0023A4DF /* Pubery.xcdatamodeld in Sources */ = {isa = PBXBuildFile; fileRef = 0AFBFBA226AF478D0023A4DF /* Pubery.xcdatamodeld */; };
		0AFBFBA626AF478E0023A4DF /* Assets.xcassets in Resources */ = {isa = PBXBuildFile; fileRef = 0AFBFBA526AF478E0023A4DF /* Assets.xcassets */; };
		0AFBFBA926AF478E0023A4DF /* LaunchScreen.storyboard in Resources */ = {isa = PBXBuildFile; fileRef = 0AFBFBA726AF478E0023A4DF /* LaunchScreen.storyboard */; };
		0AFBFBCA26AF4B0C0023A4DF /* Onboarding.storyboard in Resources */ = {isa = PBXBuildFile; fileRef = 0AFBFBC926AF4B0C0023A4DF /* Onboarding.storyboard */; };
		0AFBFBCC26AF4B220023A4DF /* Home.storyboard in Resources */ = {isa = PBXBuildFile; fileRef = 0AFBFBCB26AF4B220023A4DF /* Home.storyboard */; };
		0AFBFBCE26AF4B320023A4DF /* CourseCover.storyboard in Resources */ = {isa = PBXBuildFile; fileRef = 0AFBFBCD26AF4B320023A4DF /* CourseCover.storyboard */; };
		0AFBFBD026AF4B3D0023A4DF /* CourseStory.storyboard in Resources */ = {isa = PBXBuildFile; fileRef = 0AFBFBCF26AF4B3D0023A4DF /* CourseStory.storyboard */; };
		0AFBFBD226AF4B470023A4DF /* CourseEnd.storyboard in Resources */ = {isa = PBXBuildFile; fileRef = 0AFBFBD126AF4B470023A4DF /* CourseEnd.storyboard */; };
		0AFBFBD526AF4B630023A4DF /* Profile.storyboard in Resources */ = {isa = PBXBuildFile; fileRef = 0AFBFBD426AF4B630023A4DF /* Profile.storyboard */; };
		0AFBFBD726AF4B750023A4DF /* OnboardingViewController.swift in Sources */ = {isa = PBXBuildFile; fileRef = 0AFBFBD626AF4B750023A4DF /* OnboardingViewController.swift */; };
		0AFBFBD926AF4B800023A4DF /* HomeViewController.swift in Sources */ = {isa = PBXBuildFile; fileRef = 0AFBFBD826AF4B800023A4DF /* HomeViewController.swift */; };
		0AFBFBDB26AF4B8C0023A4DF /* CourseCoverViewController.swift in Sources */ = {isa = PBXBuildFile; fileRef = 0AFBFBDA26AF4B8C0023A4DF /* CourseCoverViewController.swift */; };
		0AFBFBDD26AF4B970023A4DF /* CourseStoryViewController.swift in Sources */ = {isa = PBXBuildFile; fileRef = 0AFBFBDC26AF4B970023A4DF /* CourseStoryViewController.swift */; };
		0AFBFBDF26AF4BA00023A4DF /* CourseEndViewController.swift in Sources */ = {isa = PBXBuildFile; fileRef = 0AFBFBDE26AF4BA00023A4DF /* CourseEndViewController.swift */; };
		0AFBFBE126AF4BAA0023A4DF /* ProfileViewController.swift in Sources */ = {isa = PBXBuildFile; fileRef = 0AFBFBE026AF4BAA0023A4DF /* ProfileViewController.swift */; };
		EA7EFBA726B00CBF00B684BA /* Children+CoreDataClass.swift in Sources */ = {isa = PBXBuildFile; fileRef = EA7EFBA326B00CBF00B684BA /* Children+CoreDataClass.swift */; };
		EA7EFBA826B00CBF00B684BA /* Children+CoreDataProperties.swift in Sources */ = {isa = PBXBuildFile; fileRef = EA7EFBA426B00CBF00B684BA /* Children+CoreDataProperties.swift */; };
		EA7EFBA926B00CBF00B684BA /* Progress+CoreDataClass.swift in Sources */ = {isa = PBXBuildFile; fileRef = EA7EFBA526B00CBF00B684BA /* Progress+CoreDataClass.swift */; };
		EA7EFBAA26B00CBF00B684BA /* Progress+CoreDataProperties.swift in Sources */ = {isa = PBXBuildFile; fileRef = EA7EFBA626B00CBF00B684BA /* Progress+CoreDataProperties.swift */; };
/* End PBXBuildFile section */

/* Begin PBXFileReference section */
		0AFBFB9626AF478D0023A4DF /* Pubery.app */ = {isa = PBXFileReference; explicitFileType = wrapper.application; includeInIndex = 0; path = Pubery.app; sourceTree = BUILT_PRODUCTS_DIR; };
		0AFBFB9926AF478D0023A4DF /* AppDelegate.swift */ = {isa = PBXFileReference; lastKnownFileType = sourcecode.swift; path = AppDelegate.swift; sourceTree = "<group>"; };
		0AFBFB9B26AF478D0023A4DF /* SceneDelegate.swift */ = {isa = PBXFileReference; lastKnownFileType = sourcecode.swift; path = SceneDelegate.swift; sourceTree = "<group>"; };
		0AFBFBA326AF478D0023A4DF /* Pubery.xcdatamodel */ = {isa = PBXFileReference; lastKnownFileType = wrapper.xcdatamodel; path = Pubery.xcdatamodel; sourceTree = "<group>"; };
		0AFBFBA526AF478E0023A4DF /* Assets.xcassets */ = {isa = PBXFileReference; lastKnownFileType = folder.assetcatalog; path = Assets.xcassets; sourceTree = "<group>"; };
		0AFBFBA826AF478E0023A4DF /* Base */ = {isa = PBXFileReference; lastKnownFileType = file.storyboard; name = Base; path = Base.lproj/LaunchScreen.storyboard; sourceTree = "<group>"; };
		0AFBFBAA26AF478E0023A4DF /* Info.plist */ = {isa = PBXFileReference; lastKnownFileType = text.plist.xml; path = Info.plist; sourceTree = "<group>"; };
		0AFBFBC926AF4B0C0023A4DF /* Onboarding.storyboard */ = {isa = PBXFileReference; lastKnownFileType = file.storyboard; path = Onboarding.storyboard; sourceTree = "<group>"; };
		0AFBFBCB26AF4B220023A4DF /* Home.storyboard */ = {isa = PBXFileReference; lastKnownFileType = file.storyboard; path = Home.storyboard; sourceTree = "<group>"; };
		0AFBFBCD26AF4B320023A4DF /* CourseCover.storyboard */ = {isa = PBXFileReference; lastKnownFileType = file.storyboard; path = CourseCover.storyboard; sourceTree = "<group>"; };
		0AFBFBCF26AF4B3D0023A4DF /* CourseStory.storyboard */ = {isa = PBXFileReference; lastKnownFileType = file.storyboard; path = CourseStory.storyboard; sourceTree = "<group>"; };
		0AFBFBD126AF4B470023A4DF /* CourseEnd.storyboard */ = {isa = PBXFileReference; lastKnownFileType = file.storyboard; path = CourseEnd.storyboard; sourceTree = "<group>"; };
		0AFBFBD426AF4B630023A4DF /* Profile.storyboard */ = {isa = PBXFileReference; lastKnownFileType = file.storyboard; path = Profile.storyboard; sourceTree = "<group>"; };
		0AFBFBD626AF4B750023A4DF /* OnboardingViewController.swift */ = {isa = PBXFileReference; lastKnownFileType = sourcecode.swift; path = OnboardingViewController.swift; sourceTree = "<group>"; };
		0AFBFBD826AF4B800023A4DF /* HomeViewController.swift */ = {isa = PBXFileReference; lastKnownFileType = sourcecode.swift; path = HomeViewController.swift; sourceTree = "<group>"; };
		0AFBFBDA26AF4B8C0023A4DF /* CourseCoverViewController.swift */ = {isa = PBXFileReference; lastKnownFileType = sourcecode.swift; path = CourseCoverViewController.swift; sourceTree = "<group>"; };
		0AFBFBDC26AF4B970023A4DF /* CourseStoryViewController.swift */ = {isa = PBXFileReference; lastKnownFileType = sourcecode.swift; path = CourseStoryViewController.swift; sourceTree = "<group>"; };
		0AFBFBDE26AF4BA00023A4DF /* CourseEndViewController.swift */ = {isa = PBXFileReference; lastKnownFileType = sourcecode.swift; path = CourseEndViewController.swift; sourceTree = "<group>"; };
		0AFBFBE026AF4BAA0023A4DF /* ProfileViewController.swift */ = {isa = PBXFileReference; lastKnownFileType = sourcecode.swift; path = ProfileViewController.swift; sourceTree = "<group>"; };
		EA7EFBA326B00CBF00B684BA /* Children+CoreDataClass.swift */ = {isa = PBXFileReference; lastKnownFileType = sourcecode.swift; path = "Children+CoreDataClass.swift"; sourceTree = "<group>"; };
		EA7EFBA426B00CBF00B684BA /* Children+CoreDataProperties.swift */ = {isa = PBXFileReference; lastKnownFileType = sourcecode.swift; path = "Children+CoreDataProperties.swift"; sourceTree = "<group>"; };
		EA7EFBA526B00CBF00B684BA /* Progress+CoreDataClass.swift */ = {isa = PBXFileReference; lastKnownFileType = sourcecode.swift; path = "Progress+CoreDataClass.swift"; sourceTree = "<group>"; };
		EA7EFBA626B00CBF00B684BA /* Progress+CoreDataProperties.swift */ = {isa = PBXFileReference; lastKnownFileType = sourcecode.swift; path = "Progress+CoreDataProperties.swift"; sourceTree = "<group>"; };
/* End PBXFileReference section */

/* Begin PBXFrameworksBuildPhase section */
		0AFBFB9326AF478D0023A4DF /* Frameworks */ = {
			isa = PBXFrameworksBuildPhase;
			buildActionMask = 2147483647;
			files = (
			);
			runOnlyForDeploymentPostprocessing = 0;
		};
/* End PBXFrameworksBuildPhase section */

/* Begin PBXGroup section */
		0AFBFB8D26AF478D0023A4DF = {
			isa = PBXGroup;
			children = (
				0AFBFB9826AF478D0023A4DF /* Pubery */,
				0AFBFB9726AF478D0023A4DF /* Products */,
			);
			sourceTree = "<group>";
		};
		0AFBFB9726AF478D0023A4DF /* Products */ = {
			isa = PBXGroup;
			children = (
				0AFBFB9626AF478D0023A4DF /* Pubery.app */,
			);
			name = Products;
			sourceTree = "<group>";
		};
		0AFBFB9826AF478D0023A4DF /* Pubery */ = {
			isa = PBXGroup;
			children = (
				0AFBFBB026AF49A80023A4DF /* Features */,
				0AFBFBC726AF4AB60023A4DF /* Utilities */,
				0AFBFB9926AF478D0023A4DF /* AppDelegate.swift */,
				0AFBFB9B26AF478D0023A4DF /* SceneDelegate.swift */,
				0AFBFBA526AF478E0023A4DF /* Assets.xcassets */,
				0AFBFBA726AF478E0023A4DF /* LaunchScreen.storyboard */,
				0AFBFBAA26AF478E0023A4DF /* Info.plist */,
			);
			path = Pubery;
			sourceTree = "<group>";
		};
		0AFBFBB026AF49A80023A4DF /* Features */ = {
			isa = PBXGroup;
			children = (
				0AFBFBB126AF49C00023A4DF /* Onboarding */,
				0AFBFBB426AF49E20023A4DF /* Home */,
				0AFBFBB226AF49CD0023A4DF /* Course */,
				0AFBFBB326AF49D50023A4DF /* Profile */,
			);
			path = Features;
			sourceTree = "<group>";
		};
		0AFBFBB126AF49C00023A4DF /* Onboarding */ = {
			isa = PBXGroup;
			children = (
				0AFBFBC626AF4A6E0023A4DF /* View */,
				0AFBFBB526AF49F20023A4DF /* Controller */,
			);
			path = Onboarding;
			sourceTree = "<group>";
		};
		0AFBFBB226AF49CD0023A4DF /* Course */ = {
			isa = PBXGroup;
			children = (
				0AFBFBB726AF49FE0023A4DF /* Pages */,
			);
			path = Course;
			sourceTree = "<group>";
		};
		0AFBFBB326AF49D50023A4DF /* Profile */ = {
			isa = PBXGroup;
			children = (
				0AFBFBBF26AF4A2A0023A4DF /* View */,
				0AFBFBB826AF4A030023A4DF /* Controller */,
			);
			path = Profile;
			sourceTree = "<group>";
		};
		0AFBFBB426AF49E20023A4DF /* Home */ = {
			isa = PBXGroup;
			children = (
				0AFBFBC426AF4A600023A4DF /* View */,
				0AFBFBC326AF4A5A0023A4DF /* Controller */,
			);
			path = Home;
			sourceTree = "<group>";
		};
		0AFBFBB526AF49F20023A4DF /* Controller */ = {
			isa = PBXGroup;
			children = (
				0AFBFBD626AF4B750023A4DF /* OnboardingViewController.swift */,
			);
			path = Controller;
			sourceTree = "<group>";
		};
		0AFBFBB726AF49FE0023A4DF /* Pages */ = {
			isa = PBXGroup;
			children = (
				0AFBFBB926AF4A0C0023A4DF /* Cover */,
				0AFBFBBB26AF4A170023A4DF /* Story */,
				0AFBFBBA26AF4A130023A4DF /* End */,
			);
			path = Pages;
			sourceTree = "<group>";
		};
		0AFBFBB826AF4A030023A4DF /* Controller */ = {
			isa = PBXGroup;
			children = (
				0AFBFBE026AF4BAA0023A4DF /* ProfileViewController.swift */,
			);
			path = Controller;
			sourceTree = "<group>";
		};
		0AFBFBB926AF4A0C0023A4DF /* Cover */ = {
			isa = PBXGroup;
			children = (
				0AFBFBC026AF4A360023A4DF /* View */,
				0AFBFBBC26AF4A1E0023A4DF /* Controller */,
			);
			path = Cover;
			sourceTree = "<group>";
		};
		0AFBFBBA26AF4A130023A4DF /* End */ = {
			isa = PBXGroup;
			children = (
				0AFBFBC526AF4A680023A4DF /* View */,
				0AFBFBBE26AF4A240023A4DF /* Controller */,
			);
			path = End;
			sourceTree = "<group>";
		};
		0AFBFBBB26AF4A170023A4DF /* Story */ = {
			isa = PBXGroup;
			children = (
				0AFBFBC126AF4A390023A4DF /* View */,
				0AFBFBBD26AF4A210023A4DF /* Controller */,
			);
			path = Story;
			sourceTree = "<group>";
		};
		0AFBFBBC26AF4A1E0023A4DF /* Controller */ = {
			isa = PBXGroup;
			children = (
				0AFBFBDA26AF4B8C0023A4DF /* CourseCoverViewController.swift */,
			);
			path = Controller;
			sourceTree = "<group>";
		};
		0AFBFBBD26AF4A210023A4DF /* Controller */ = {
			isa = PBXGroup;
			children = (
				0AFBFBDC26AF4B970023A4DF /* CourseStoryViewController.swift */,
			);
			path = Controller;
			sourceTree = "<group>";
		};
		0AFBFBBE26AF4A240023A4DF /* Controller */ = {
			isa = PBXGroup;
			children = (
				0AFBFBDE26AF4BA00023A4DF /* CourseEndViewController.swift */,
			);
			path = Controller;
			sourceTree = "<group>";
		};
		0AFBFBBF26AF4A2A0023A4DF /* View */ = {
			isa = PBXGroup;
			children = (
				0AFBFBD426AF4B630023A4DF /* Profile.storyboard */,
			);
			path = View;
			sourceTree = "<group>";
		};
		0AFBFBC026AF4A360023A4DF /* View */ = {
			isa = PBXGroup;
			children = (
				0AFBFBCD26AF4B320023A4DF /* CourseCover.storyboard */,
			);
			path = View;
			sourceTree = "<group>";
		};
		0AFBFBC126AF4A390023A4DF /* View */ = {
			isa = PBXGroup;
			children = (
				0AFBFBCF26AF4B3D0023A4DF /* CourseStory.storyboard */,
			);
			path = View;
			sourceTree = "<group>";
		};
		0AFBFBC326AF4A5A0023A4DF /* Controller */ = {
			isa = PBXGroup;
			children = (
				0AFBFBD826AF4B800023A4DF /* HomeViewController.swift */,
			);
			path = Controller;
			sourceTree = "<group>";
		};
		0AFBFBC426AF4A600023A4DF /* View */ = {
			isa = PBXGroup;
			children = (
				0AFBFBCB26AF4B220023A4DF /* Home.storyboard */,
			);
			path = View;
			sourceTree = "<group>";
		};
		0AFBFBC526AF4A680023A4DF /* View */ = {
			isa = PBXGroup;
			children = (
				0AFBFBD126AF4B470023A4DF /* CourseEnd.storyboard */,
			);
			path = View;
			sourceTree = "<group>";
		};
		0AFBFBC626AF4A6E0023A4DF /* View */ = {
			isa = PBXGroup;
			children = (
				0AFBFBC926AF4B0C0023A4DF /* Onboarding.storyboard */,
			);
			path = View;
			sourceTree = "<group>";
		};
		0AFBFBC726AF4AB60023A4DF /* Utilities */ = {
			isa = PBXGroup;
			children = (
				0AFBFBC826AF4ABE0023A4DF /* Core Data */,
			);
			path = Utilities;
			sourceTree = "<group>";
		};
		0AFBFBC826AF4ABE0023A4DF /* Core Data */ = {
			isa = PBXGroup;
			children = (
				EA7EFBAB26B00CC500B684BA /* Managed Object */,
				0AFBFBA226AF478D0023A4DF /* Pubery.xcdatamodeld */,
			);
			path = "Core Data";
			sourceTree = "<group>";
		};
		EA7EFBAB26B00CC500B684BA /* Managed Object */ = {
			isa = PBXGroup;
			children = (
				EA7EFBA326B00CBF00B684BA /* Children+CoreDataClass.swift */,
				EA7EFBA426B00CBF00B684BA /* Children+CoreDataProperties.swift */,
				EA7EFBA526B00CBF00B684BA /* Progress+CoreDataClass.swift */,
				EA7EFBA626B00CBF00B684BA /* Progress+CoreDataProperties.swift */,
			);
			path = "Managed Object";
			sourceTree = "<group>";
		};
/* End PBXGroup section */

/* Begin PBXNativeTarget section */
		0AFBFB9526AF478D0023A4DF /* Pubery */ = {
			isa = PBXNativeTarget;
			buildConfigurationList = 0AFBFBAD26AF478E0023A4DF /* Build configuration list for PBXNativeTarget "Pubery" */;
			buildPhases = (
				0AFBFB9226AF478D0023A4DF /* Sources */,
				0AFBFB9326AF478D0023A4DF /* Frameworks */,
				0AFBFB9426AF478D0023A4DF /* Resources */,
			);
			buildRules = (
			);
			dependencies = (
			);
			name = Pubery;
			productName = Pubery;
			productReference = 0AFBFB9626AF478D0023A4DF /* Pubery.app */;
			productType = "com.apple.product-type.application";
		};
/* End PBXNativeTarget section */

/* Begin PBXProject section */
		0AFBFB8E26AF478D0023A4DF /* Project object */ = {
			isa = PBXProject;
			attributes = {
				LastSwiftUpdateCheck = 1250;
				LastUpgradeCheck = 1250;
				TargetAttributes = {
					0AFBFB9526AF478D0023A4DF = {
						CreatedOnToolsVersion = 12.5;
					};
				};
			};
			buildConfigurationList = 0AFBFB9126AF478D0023A4DF /* Build configuration list for PBXProject "Pubery" */;
			compatibilityVersion = "Xcode 9.3";
			developmentRegion = en;
			hasScannedForEncodings = 0;
			knownRegions = (
				en,
				Base,
			);
			mainGroup = 0AFBFB8D26AF478D0023A4DF;
			productRefGroup = 0AFBFB9726AF478D0023A4DF /* Products */;
			projectDirPath = "";
			projectRoot = "";
			targets = (
				0AFBFB9526AF478D0023A4DF /* Pubery */,
			);
		};
/* End PBXProject section */

/* Begin PBXResourcesBuildPhase section */
		0AFBFB9426AF478D0023A4DF /* Resources */ = {
			isa = PBXResourcesBuildPhase;
			buildActionMask = 2147483647;
			files = (
				0AFBFBCA26AF4B0C0023A4DF /* Onboarding.storyboard in Resources */,
				0AFBFBD226AF4B470023A4DF /* CourseEnd.storyboard in Resources */,
				0AFBFBD526AF4B630023A4DF /* Profile.storyboard in Resources */,
				0AFBFBA926AF478E0023A4DF /* LaunchScreen.storyboard in Resources */,
				0AFBFBCE26AF4B320023A4DF /* CourseCover.storyboard in Resources */,
				0AFBFBD026AF4B3D0023A4DF /* CourseStory.storyboard in Resources */,
				0AFBFBA626AF478E0023A4DF /* Assets.xcassets in Resources */,
				0AFBFBCC26AF4B220023A4DF /* Home.storyboard in Resources */,
			);
			runOnlyForDeploymentPostprocessing = 0;
		};
/* End PBXResourcesBuildPhase section */

/* Begin PBXSourcesBuildPhase section */
		0AFBFB9226AF478D0023A4DF /* Sources */ = {
			isa = PBXSourcesBuildPhase;
			buildActionMask = 2147483647;
			files = (
				0AFBFBD926AF4B800023A4DF /* HomeViewController.swift in Sources */,
				0AFBFBDD26AF4B970023A4DF /* CourseStoryViewController.swift in Sources */,
				0AFBFBDB26AF4B8C0023A4DF /* CourseCoverViewController.swift in Sources */,
				0AFBFB9A26AF478D0023A4DF /* AppDelegate.swift in Sources */,
				EA7EFBA926B00CBF00B684BA /* Progress+CoreDataClass.swift in Sources */,
				0AFBFBA426AF478D0023A4DF /* Pubery.xcdatamodeld in Sources */,
				EA7EFBA826B00CBF00B684BA /* Children+CoreDataProperties.swift in Sources */,
				0AFBFB9C26AF478D0023A4DF /* SceneDelegate.swift in Sources */,
				EA7EFBA726B00CBF00B684BA /* Children+CoreDataClass.swift in Sources */,
				EA7EFBAA26B00CBF00B684BA /* Progress+CoreDataProperties.swift in Sources */,
				0AFBFBE126AF4BAA0023A4DF /* ProfileViewController.swift in Sources */,
				0AFBFBD726AF4B750023A4DF /* OnboardingViewController.swift in Sources */,
				0AFBFBDF26AF4BA00023A4DF /* CourseEndViewController.swift in Sources */,
			);
			runOnlyForDeploymentPostprocessing = 0;
		};
/* End PBXSourcesBuildPhase section */

/* Begin PBXVariantGroup section */
		0AFBFBA726AF478E0023A4DF /* LaunchScreen.storyboard */ = {
			isa = PBXVariantGroup;
			children = (
				0AFBFBA826AF478E0023A4DF /* Base */,
			);
			name = LaunchScreen.storyboard;
			sourceTree = "<group>";
		};
/* End PBXVariantGroup section */

/* Begin XCBuildConfiguration section */
		0AFBFBAB26AF478E0023A4DF /* Debug */ = {
			isa = XCBuildConfiguration;
			buildSettings = {
				ALWAYS_SEARCH_USER_PATHS = NO;
				CLANG_ANALYZER_NONNULL = YES;
				CLANG_ANALYZER_NUMBER_OBJECT_CONVERSION = YES_AGGRESSIVE;
				CLANG_CXX_LANGUAGE_STANDARD = "gnu++14";
				CLANG_CXX_LIBRARY = "libc++";
				CLANG_ENABLE_MODULES = YES;
				CLANG_ENABLE_OBJC_ARC = YES;
				CLANG_ENABLE_OBJC_WEAK = YES;
				CLANG_WARN_BLOCK_CAPTURE_AUTORELEASING = YES;
				CLANG_WARN_BOOL_CONVERSION = YES;
				CLANG_WARN_COMMA = YES;
				CLANG_WARN_CONSTANT_CONVERSION = YES;
				CLANG_WARN_DEPRECATED_OBJC_IMPLEMENTATIONS = YES;
				CLANG_WARN_DIRECT_OBJC_ISA_USAGE = YES_ERROR;
				CLANG_WARN_DOCUMENTATION_COMMENTS = YES;
				CLANG_WARN_EMPTY_BODY = YES;
				CLANG_WARN_ENUM_CONVERSION = YES;
				CLANG_WARN_INFINITE_RECURSION = YES;
				CLANG_WARN_INT_CONVERSION = YES;
				CLANG_WARN_NON_LITERAL_NULL_CONVERSION = YES;
				CLANG_WARN_OBJC_IMPLICIT_RETAIN_SELF = YES;
				CLANG_WARN_OBJC_LITERAL_CONVERSION = YES;
				CLANG_WARN_OBJC_ROOT_CLASS = YES_ERROR;
				CLANG_WARN_QUOTED_INCLUDE_IN_FRAMEWORK_HEADER = YES;
				CLANG_WARN_RANGE_LOOP_ANALYSIS = YES;
				CLANG_WARN_STRICT_PROTOTYPES = YES;
				CLANG_WARN_SUSPICIOUS_MOVE = YES;
				CLANG_WARN_UNGUARDED_AVAILABILITY = YES_AGGRESSIVE;
				CLANG_WARN_UNREACHABLE_CODE = YES;
				CLANG_WARN__DUPLICATE_METHOD_MATCH = YES;
				COPY_PHASE_STRIP = NO;
				DEBUG_INFORMATION_FORMAT = dwarf;
				ENABLE_STRICT_OBJC_MSGSEND = YES;
				ENABLE_TESTABILITY = YES;
				GCC_C_LANGUAGE_STANDARD = gnu11;
				GCC_DYNAMIC_NO_PIC = NO;
				GCC_NO_COMMON_BLOCKS = YES;
				GCC_OPTIMIZATION_LEVEL = 0;
				GCC_PREPROCESSOR_DEFINITIONS = (
					"DEBUG=1",
					"$(inherited)",
				);
				GCC_WARN_64_TO_32_BIT_CONVERSION = YES;
				GCC_WARN_ABOUT_RETURN_TYPE = YES_ERROR;
				GCC_WARN_UNDECLARED_SELECTOR = YES;
				GCC_WARN_UNINITIALIZED_AUTOS = YES_AGGRESSIVE;
				GCC_WARN_UNUSED_FUNCTION = YES;
				GCC_WARN_UNUSED_VARIABLE = YES;
				IPHONEOS_DEPLOYMENT_TARGET = 14.5;
				MTL_ENABLE_DEBUG_INFO = INCLUDE_SOURCE;
				MTL_FAST_MATH = YES;
				ONLY_ACTIVE_ARCH = YES;
				SDKROOT = iphoneos;
				SWIFT_ACTIVE_COMPILATION_CONDITIONS = DEBUG;
				SWIFT_OPTIMIZATION_LEVEL = "-Onone";
			};
			name = Debug;
		};
		0AFBFBAC26AF478E0023A4DF /* Release */ = {
			isa = XCBuildConfiguration;
			buildSettings = {
				ALWAYS_SEARCH_USER_PATHS = NO;
				CLANG_ANALYZER_NONNULL = YES;
				CLANG_ANALYZER_NUMBER_OBJECT_CONVERSION = YES_AGGRESSIVE;
				CLANG_CXX_LANGUAGE_STANDARD = "gnu++14";
				CLANG_CXX_LIBRARY = "libc++";
				CLANG_ENABLE_MODULES = YES;
				CLANG_ENABLE_OBJC_ARC = YES;
				CLANG_ENABLE_OBJC_WEAK = YES;
				CLANG_WARN_BLOCK_CAPTURE_AUTORELEASING = YES;
				CLANG_WARN_BOOL_CONVERSION = YES;
				CLANG_WARN_COMMA = YES;
				CLANG_WARN_CONSTANT_CONVERSION = YES;
				CLANG_WARN_DEPRECATED_OBJC_IMPLEMENTATIONS = YES;
				CLANG_WARN_DIRECT_OBJC_ISA_USAGE = YES_ERROR;
				CLANG_WARN_DOCUMENTATION_COMMENTS = YES;
				CLANG_WARN_EMPTY_BODY = YES;
				CLANG_WARN_ENUM_CONVERSION = YES;
				CLANG_WARN_INFINITE_RECURSION = YES;
				CLANG_WARN_INT_CONVERSION = YES;
				CLANG_WARN_NON_LITERAL_NULL_CONVERSION = YES;
				CLANG_WARN_OBJC_IMPLICIT_RETAIN_SELF = YES;
				CLANG_WARN_OBJC_LITERAL_CONVERSION = YES;
				CLANG_WARN_OBJC_ROOT_CLASS = YES_ERROR;
				CLANG_WARN_QUOTED_INCLUDE_IN_FRAMEWORK_HEADER = YES;
				CLANG_WARN_RANGE_LOOP_ANALYSIS = YES;
				CLANG_WARN_STRICT_PROTOTYPES = YES;
				CLANG_WARN_SUSPICIOUS_MOVE = YES;
				CLANG_WARN_UNGUARDED_AVAILABILITY = YES_AGGRESSIVE;
				CLANG_WARN_UNREACHABLE_CODE = YES;
				CLANG_WARN__DUPLICATE_METHOD_MATCH = YES;
				COPY_PHASE_STRIP = NO;
				DEBUG_INFORMATION_FORMAT = "dwarf-with-dsym";
				ENABLE_NS_ASSERTIONS = NO;
				ENABLE_STRICT_OBJC_MSGSEND = YES;
				GCC_C_LANGUAGE_STANDARD = gnu11;
				GCC_NO_COMMON_BLOCKS = YES;
				GCC_WARN_64_TO_32_BIT_CONVERSION = YES;
				GCC_WARN_ABOUT_RETURN_TYPE = YES_ERROR;
				GCC_WARN_UNDECLARED_SELECTOR = YES;
				GCC_WARN_UNINITIALIZED_AUTOS = YES_AGGRESSIVE;
				GCC_WARN_UNUSED_FUNCTION = YES;
				GCC_WARN_UNUSED_VARIABLE = YES;
				IPHONEOS_DEPLOYMENT_TARGET = 14.5;
				MTL_ENABLE_DEBUG_INFO = NO;
				MTL_FAST_MATH = YES;
				SDKROOT = iphoneos;
				SWIFT_COMPILATION_MODE = wholemodule;
				SWIFT_OPTIMIZATION_LEVEL = "-O";
				VALIDATE_PRODUCT = YES;
			};
			name = Release;
		};
		0AFBFBAE26AF478E0023A4DF /* Debug */ = {
			isa = XCBuildConfiguration;
			buildSettings = {
				ASSETCATALOG_COMPILER_APPICON_NAME = AppIcon;
				ASSETCATALOG_COMPILER_GLOBAL_ACCENT_COLOR_NAME = AccentColor;
				CODE_SIGN_STYLE = Automatic;
				DEVELOPMENT_TEAM = 3F8FLX3R85;
				INFOPLIST_FILE = Pubery/Info.plist;
				LD_RUNPATH_SEARCH_PATHS = (
					"$(inherited)",
					"@executable_path/Frameworks",
				);
				PRODUCT_BUNDLE_IDENTIFIER = com.antonysusanto.Pubery;
				PRODUCT_NAME = "$(TARGET_NAME)";
				SWIFT_VERSION = 5.0;
				TARGETED_DEVICE_FAMILY = "1,2";
			};
			name = Debug;
		};
		0AFBFBAF26AF478E0023A4DF /* Release */ = {
			isa = XCBuildConfiguration;
			buildSettings = {
				ASSETCATALOG_COMPILER_APPICON_NAME = AppIcon;
				ASSETCATALOG_COMPILER_GLOBAL_ACCENT_COLOR_NAME = AccentColor;
				CODE_SIGN_STYLE = Automatic;
				DEVELOPMENT_TEAM = 3F8FLX3R85;
				INFOPLIST_FILE = Pubery/Info.plist;
				LD_RUNPATH_SEARCH_PATHS = (
					"$(inherited)",
					"@executable_path/Frameworks",
				);
				PRODUCT_BUNDLE_IDENTIFIER = com.antonysusanto.Pubery;
				PRODUCT_NAME = "$(TARGET_NAME)";
				SWIFT_VERSION = 5.0;
				TARGETED_DEVICE_FAMILY = "1,2";
			};
			name = Release;
		};
/* End XCBuildConfiguration section */

/* Begin XCConfigurationList section */
		0AFBFB9126AF478D0023A4DF /* Build configuration list for PBXProject "Pubery" */ = {
			isa = XCConfigurationList;
			buildConfigurations = (
				0AFBFBAB26AF478E0023A4DF /* Debug */,
				0AFBFBAC26AF478E0023A4DF /* Release */,
			);
			defaultConfigurationIsVisible = 0;
			defaultConfigurationName = Release;
		};
		0AFBFBAD26AF478E0023A4DF /* Build configuration list for PBXNativeTarget "Pubery" */ = {
			isa = XCConfigurationList;
			buildConfigurations = (
				0AFBFBAE26AF478E0023A4DF /* Debug */,
				0AFBFBAF26AF478E0023A4DF /* Release */,
			);
			defaultConfigurationIsVisible = 0;
			defaultConfigurationName = Release;
		};
/* End XCConfigurationList section */

/* Begin XCVersionGroup section */
		0AFBFBA226AF478D0023A4DF /* Pubery.xcdatamodeld */ = {
			isa = XCVersionGroup;
			children = (
				0AFBFBA326AF478D0023A4DF /* Pubery.xcdatamodel */,
			);
			currentVersion = 0AFBFBA326AF478D0023A4DF /* Pubery.xcdatamodel */;
			path = Pubery.xcdatamodeld;
			sourceTree = "<group>";
			versionGroupType = wrapper.xcdatamodel;
		};
/* End XCVersionGroup section */
	};
	rootObject = 0AFBFB8E26AF478D0023A4DF /* Project object */;
}
